<?xml version="1.0" encoding="utf-8"?>
<Project ToolsVersion="4.0" xmlns="http://schemas.microsoft.com/developer/msbuild/2003">
  <ItemGroup>
    <Filter Include="Source Files">
      <UniqueIdentifier>{4FC737F1-C7A5-4376-A066-2A32D752A2FF}</UniqueIdentifier>
      <Extensions>cpp;c;cc;cxx;def;odl;idl;hpj;bat;asm;asmx</Extensions>
    </Filter>
    <Filter Include="Header Files">
      <UniqueIdentifier>{93995380-89BD-4b04-88EB-625FBE52EBFB}</UniqueIdentifier>
      <Extensions>h;hh;hpp;hxx;hm;inl;inc;xsd</Extensions>
    </Filter>
    <Filter Include="Resource Files">
      <UniqueIdentifier>{67DA6AB6-F800-4c08-8B7A-83BB121AAD01}</UniqueIdentifier>
      <Extensions>rc;ico;cur;bmp;dlg;rc2;rct;bin;rgs;gif;jpg;jpeg;jpe;resx;tiff;tif;png;wav;mfcribbon-ms</Extensions>
    </Filter>
  </ItemGroup>
  <ItemGroup>
    <ClInclude Include="Headers\UnderSiegeGame.h">
      <Filter>Header Files</Filter>
    </ClInclude>
    <ClInclude Include="Headers\UI\OptionsScreenUIManager.h">
      <Filter>Header Files</Filter>
    </ClInclude>
  </ItemGroup>
  <ItemGroup>
    <ClCompile Include="Source\UnderSiegeGame.cpp">
      <Filter>Source Files</Filter>
    </ClCompile>
    <ClCompile Include="Source\Main.cpp">
      <Filter>Source Files</Filter>
    </ClCompile>
    <ClCompile Include="Source\UI\OptionsScreenUIManager.cpp">
      <Filter>Source Files</Filter>
    </ClCompile>
  </ItemGroup>
  <ItemGroup>
    <None Include="Build Events\CopyEngineDLLs.bat">
      <Filter>Source Files</Filter>
    </None>
    <None Include="Resources\Audio\Music\TheSwarmApproaches.wma" />
  </ItemGroup>
  <ItemGroup>
    <Media Include="Resources\Audio\Music\Assimilator.mp3" />
    <Media Include="Resources\Audio\Music\doodle_0.mp3" />
    <Media Include="Resources\Audio\Music\Dream Raid.mp3" />
    <Media Include="Resources\Audio\Music\DriftingThroughTheNebulaAmbient.wav">
      <Filter>Resource Files</Filter>
    </Media>
    <Media Include="Resources\Audio\Music\Hope.mp3" />
    <Media Include="Resources\Audio\Music\HorrorOfSelf.wav">
      <Filter>Resource Files</Filter>
    </Media>
    <Media Include="Resources\Audio\Music\Imminent Threat.mp3" />
    <Media Include="Resources\Audio\Music\Mechanolith.mp3" />
    <Media Include="Resources\Audio\Music\Orbital Colossus.mp3" />
    <Media Include="Resources\Audio\Music\ScifiAction.wav">
      <Filter>Resource Files</Filter>
    </Media>
    <Media Include="Resources\Audio\Music\Space and Sorrow.mp3" />
    <Media Include="Resources\Audio\Music\StartupMusic.wav">
      <Filter>Resource Files</Filter>
    </Media>
    <Media Include="Resources\Audio\Music\The Fall of Arcana.mp3" />
    <Media Include="Resources\Audio\Music\Wasteland Overdrive.mp3" />
    <Media Include="Resources\Audio\SFX\BeamLaser.wav">
      <Filter>Resource Files</Filter>
    </Media>
    <Media Include="Resources\Audio\SFX\ButtonHover.wav">
      <Filter>Resource Files</Filter>
    </Media>
    <Media Include="Resources\Audio\SFX\LaserFire.wav">
      <Filter>Resource Files</Filter>
    </Media>
    <Media Include="Resources\Audio\SFX\LightThruster.wav">
      <Filter>Resource Files</Filter>
    </Media>
    <Media Include="Resources\Audio\SFX\MissileLaunch.wav">
      <Filter>Resource Files</Filter>
    </Media>
    <Media Include="Resources\Audio\SFX\ButtonClicked.wav">
      <Filter>Resource Files</Filter>
    </Media>
  </ItemGroup>
  <ItemGroup>
    <Xml Include="Resources\Data\Screens\MainMenuScreen.xml" />
    <Xml Include="Resources\Data\Screens\OptionsScreen.xml" />
    <Xml Include="Resources\Data\Screens\SplashScreen.xml" />
    <Xml Include="Resources\Data\Screens\PersistentStartupAndMainMenu.xml" />
    <Xml Include="Resources\Data\Settings\Settings.xml" />
  </ItemGroup>
  <ItemGroup>
    <Font Include="Resources\Fonts\Arial.ttf" />
  </ItemGroup>
  <ItemGroup>
    <Image Include="Resources\Textures\UI\ButtonDefault.png">
      <Filter>Resource Files</Filter>
    </Image>
    <Image Include="Resources\Textures\UI\ButtonHighlighted.png">
      <Filter>Resource Files</Filter>
    </Image>
    <Image Include="Resources\Textures\UI\CelesteEngineLogo.png">
      <Filter>Resource Files</Filter>
    </Image>
    <Image Include="Resources\Textures\UI\CelesteGamesLogo.png">
      <Filter>Resource Files</Filter>
    </Image>
    <Image Include="Resources\Textures\UI\ProgressBar.png">
      <Filter>Resource Files</Filter>
    </Image>
    <Image Include="Resources\Textures\UI\Rectangle.png">
      <Filter>Resource Files</Filter>
    </Image>
    <Image Include="Resources\Textures\UI\UpDirectionIndicator.png">
      <Filter>Resource Files</Filter>
    </Image>
    <Image Include="Resources\Textures\UI\ButtonClicked.png">
      <Filter>Resource Files</Filter>
    </Image>
    <Image Include="Resources\Textures\Backgrounds\MainMenuScreen.jpg">
      <Filter>Resource Files</Filter>
    </Image>
  </ItemGroup>
</Project>