<?xml version="1.0" encoding="utf-8"?>
<Project ToolsVersion="4.0" xmlns="http://schemas.microsoft.com/developer/msbuild/2003">
  <ItemGroup>
    <Filter Include="Source Files">
      <UniqueIdentifier>{4FC737F1-C7A5-4376-A066-2A32D752A2FF}</UniqueIdentifier>
      <Extensions>cpp;c;cc;cxx;def;odl;idl;hpj;bat;asm;asmx</Extensions>
    </Filter>
    <Filter Include="Header Files">
      <UniqueIdentifier>{93995380-89BD-4b04-88EB-625FBE52EBFB}</UniqueIdentifier>
      <Extensions>h;hh;hpp;hxx;hm;inl;inc;xsd</Extensions>
    </Filter>
    <Filter Include="Resource Files">
      <UniqueIdentifier>{67DA6AB6-F800-4c08-8B7A-83BB121AAD01}</UniqueIdentifier>
      <Extensions>rc;ico;cur;bmp;dlg;rc2;rct;bin;rgs;gif;jpg;jpeg;jpe;resx;tiff;tif;png;wav;mfcribbon-ms</Extensions>
    </Filter>
  </ItemGroup>
  <ItemGroup>
    <ClCompile Include="Source\Main.cpp">
      <Filter>Source Files</Filter>
    </ClCompile>
  </ItemGroup>
  <ItemGroup>
    <None Include="Resources\Audio\Music\TheSwarmApproaches.wma" />
    <None Include="Resources\Data\Shields\BasicShield.asset" />
    <None Include="Resources\Data\Turrets\BasicTurret.asset" />
    <None Include="Resources\Scripts\Game.lua" />
    <None Include="Resources\Scripts\Core\FileSystem\Path.lua" />
    <None Include="Resources\Shaders\Model.frag" />
    <None Include="Resources\Shaders\Model.vert" />
    <None Include="Resources\Data\Bullets\SmallBullet.asset" />
    <None Include="Resources\Prefabs\Bullets\SmallBullet.prefab" />
    <None Include="Resources\Prefabs\Turrets\BasicTurret.prefab" />
    <None Include="Resources\Prefabs\Shields\BasicShield.prefab" />
    <None Include="Resources\Prefabs\Ships\EnemyShip.prefab" />
    <None Include="Resources\Data\Enemies\Fiirkan.asset" />
  </ItemGroup>
  <ItemGroup>
    <Media Include="Resources\Audio\Music\Assimilator.mp3" />
    <Media Include="Resources\Audio\Music\doodle_0.mp3" />
    <Media Include="Resources\Audio\Music\Dream Raid.mp3" />
    <Media Include="Resources\Audio\Music\DriftingThroughTheNebulaAmbient.wav">
      <Filter>Resource Files</Filter>
    </Media>
    <Media Include="Resources\Audio\Music\Hope.mp3" />
    <Media Include="Resources\Audio\Music\HorrorOfSelf.wav">
      <Filter>Resource Files</Filter>
    </Media>
    <Media Include="Resources\Audio\Music\Imminent Threat.mp3" />
    <Media Include="Resources\Audio\Music\Mechanolith.mp3" />
    <Media Include="Resources\Audio\Music\Orbital Colossus.mp3" />
    <Media Include="Resources\Audio\Music\ScifiAction.wav">
      <Filter>Resource Files</Filter>
    </Media>
    <Media Include="Resources\Audio\Music\Space and Sorrow.mp3" />
    <Media Include="Resources\Audio\Music\StartupMusic.wav">
      <Filter>Resource Files</Filter>
    </Media>
    <Media Include="Resources\Audio\Music\The Fall of Arcana.mp3" />
    <Media Include="Resources\Audio\Music\Wasteland Overdrive.mp3" />
    <Media Include="Resources\Audio\SFX\BeamLaser.wav">
      <Filter>Resource Files</Filter>
    </Media>
    <Media Include="Resources\Audio\SFX\ButtonHover.wav">
      <Filter>Resource Files</Filter>
    </Media>
    <Media Include="Resources\Audio\SFX\LaserFire.wav">
      <Filter>Resource Files</Filter>
    </Media>
    <Media Include="Resources\Audio\SFX\LightThruster.wav">
      <Filter>Resource Files</Filter>
    </Media>
    <Media Include="Resources\Audio\SFX\MissileLaunch.wav">
      <Filter>Resource Files</Filter>
    </Media>
    <Media Include="Resources\Audio\SFX\ButtonClicked.wav">
      <Filter>Resource Files</Filter>
    </Media>
  </ItemGroup>
  <ItemGroup>
    <Xml Include="Resources\Data\Levels\Level1.asset" />
    <Xml Include="Resources\Data\Settings\GameSettings.asset" />
    <Xml Include="Resources\Data\Player\PlayerShip.asset" />
    <Xml Include="Resources\Data\Screens\GameplayScreen.asset" />
    <Xml Include="Resources\Data\Screens\MainMenuScreen.asset" />
    <Xml Include="Resources\Data\Screens\OptionsScreen.asset" />
    <Xml Include="Resources\Data\Screens\PersistentStartupAndMainMenu.asset" />
    <Xml Include="Resources\Data\Screens\SplashScreen.asset" />
    <Xml Include="Resources\Prefabs\Asteroids\HugeAsteroid.prefab" />
    <Xml Include="Resources\Prefabs\Asteroids\LargeAsteroid.prefab" />
    <Xml Include="Resources\Prefabs\Asteroids\SmallAsteroid.prefab" />
    <Xml Include="Resources\Prefabs\Asteroids\TinyAsteroid.prefab" />
    <Xml Include="Resources\Prefabs\Ships\PlayerShip.prefab" />
  </ItemGroup>
  <ItemGroup>
    <Font Include="Resources\Fonts\Arial.ttf" />
  </ItemGroup>
  <ItemGroup>
    <Image Include="Resources\Textures\UI\ButtonDefault.png">
      <Filter>Resource Files</Filter>
    </Image>
    <Image Include="Resources\Textures\UI\ButtonHighlighted.png">
      <Filter>Resource Files</Filter>
    </Image>
    <Image Include="Resources\Textures\UI\CelesteEngineLogo.png">
      <Filter>Resource Files</Filter>
    </Image>
    <Image Include="Resources\Textures\UI\CelesteGamesLogo.png">
      <Filter>Resource Files</Filter>
    </Image>
    <Image Include="Resources\Textures\UI\ProgressBar.png">
      <Filter>Resource Files</Filter>
    </Image>
    <Image Include="Resources\Textures\UI\Rectangle.png">
      <Filter>Resource Files</Filter>
    </Image>
    <Image Include="Resources\Textures\UI\UpDirectionIndicator.png">
      <Filter>Resource Files</Filter>
    </Image>
    <Image Include="Resources\Textures\UI\ButtonClicked.png">
      <Filter>Resource Files</Filter>
    </Image>
    <Image Include="Resources\Textures\Backgrounds\MainMenuScreen.jpg">
      <Filter>Resource Files</Filter>
    </Image>
    <Image Include="Resources\Textures\Asteroids\HugeAsteroid.png">
      <Filter>Resource Files</Filter>
    </Image>
    <Image Include="Resources\Textures\Asteroids\LargeAsteroid.png">
      <Filter>Resource Files</Filter>
    </Image>
    <Image Include="Resources\Textures\Asteroids\SmallAsteroid.png">
      <Filter>Resource Files</Filter>
    </Image>
    <Image Include="Resources\Textures\Asteroids\TinyAsteroid.png">
      <Filter>Resource Files</Filter>
    </Image>
    <Image Include="Resources\Textures\Backgrounds\Level1Background.jpg">
      <Filter>Resource Files</Filter>
    </Image>
    <Image Include="Resources\Textures\Ships\Fiirkan.png">
      <Filter>Resource Files</Filter>
    </Image>
    <Image Include="Resources\Textures\Shields\Shield.png">
      <Filter>Resource Files</Filter>
    </Image>
    <Image Include="Resources\Textures\Weapons\Shredder\uw_shredder_00.png">
      <Filter>Resource Files</Filter>
    </Image>
    <Image Include="Resources\Textures\Weapons\Shredder\uw_shredder_01.png">
      <Filter>Resource Files</Filter>
    </Image>
    <Image Include="Resources\Textures\Weapons\Shredder\uw_shredder_02.png">
      <Filter>Resource Files</Filter>
    </Image>
    <Image Include="Resources\Textures\Weapons\Shredder\uw_shredder_03.png">
      <Filter>Resource Files</Filter>
    </Image>
    <Image Include="Resources\Textures\Weapons\Shredder\uw_shredder_04.png">
      <Filter>Resource Files</Filter>
    </Image>
    <Image Include="Resources\Textures\Weapons\Shredder\uw_shredder_05.png">
      <Filter>Resource Files</Filter>
    </Image>
    <Image Include="Resources\Textures\Weapons\Shredder\uw_shredder_06.png">
      <Filter>Resource Files</Filter>
    </Image>
    <Image Include="Resources\Textures\Weapons\Shredder\uw_shredder_07.png">
      <Filter>Resource Files</Filter>
    </Image>
    <Image Include="Resources\Textures\Weapons\Shredder\uw_shredder_08.png">
      <Filter>Resource Files</Filter>
    </Image>
    <Image Include="Resources\Textures\Weapons\Shredder\uw_shredder_09.png">
      <Filter>Resource Files</Filter>
    </Image>
    <Image Include="Resources\Textures\Weapons\Shredder\uw_shredder_10.png">
      <Filter>Resource Files</Filter>
    </Image>
    <Image Include="Resources\Textures\Weapons\Shredder\uw_shredder_11.png">
      <Filter>Resource Files</Filter>
    </Image>
    <Image Include="Resources\Textures\Weapons\Shredder\uw_shredder_12.png">
      <Filter>Resource Files</Filter>
    </Image>
    <Image Include="Resources\Textures\Weapons\Shredder\uw_shredder_13.png">
      <Filter>Resource Files</Filter>
    </Image>
    <Image Include="Resources\Textures\Bullets\shell_small.png">
      <Filter>Resource Files</Filter>
    </Image>
    <Image Include="Resources\Textures\FX\Explosions\Explosion.png">
      <Filter>Resource Files</Filter>
    </Image>
  </ItemGroup>
  <ItemGroup>
    <CustomBuild Include="Build Events\CopyDependencyDLLs.bat">
      <Filter>Source Files</Filter>
    </CustomBuild>
  </ItemGroup>
</Project>