
Microsoft Visual Studio Solution File, Format Version 12.00
# Visual Studio 15
VisualStudioVersion = 15.0.27004.2010
MinimumVisualStudioVersion = 10.0.40219.1
Project("{8BC9CEB8-8B4A-11D0-8D11-00A0C91BC942}") = "UnderSiege", "UnderSiege\UnderSiege.vcxproj", "{E39A81C2-7F66-4C3B-A679-7D718CC938AE}"
	ProjectSection(ProjectDependencies) = postProject
		{E9980A8D-828E-44F0-978E-A57ABC348F47} = {E9980A8D-828E-44F0-978E-A57ABC348F47}
	EndProjectSection
EndProject
Project("{8BC9CEB8-8B4A-11D0-8D11-00A0C91BC942}") = "CelesteEngine", "..\CelesteEngine\CelesteEngine\CelesteEngine.vcxproj", "{E9980A8D-828E-44F0-978E-A57ABC348F47}"
EndProject
Project("{8BC9CEB8-8B4A-11D0-8D11-00A0C91BC942}") = "CelesteEngineTestUtils", "..\CelesteEngine\CelesteEngineTestUtils\CelesteEngineTestUtils.vcxproj", "{BB04BA24-E88D-4697-B55C-7C518AFD6BF8}"
	ProjectSection(ProjectDependencies) = postProject
		{7F06E53E-178C-4E7E-8F24-061F18AA402A} = {7F06E53E-178C-4E7E-8F24-061F18AA402A}
		{E9980A8D-828E-44F0-978E-A57ABC348F47} = {E9980A8D-828E-44F0-978E-A57ABC348F47}
	EndProjectSection
EndProject
Project("{8BC9CEB8-8B4A-11D0-8D11-00A0C91BC942}") = "TestUtils", "..\CelesteEngine\TestUtils\TestUtils.vcxproj", "{7F06E53E-178C-4E7E-8F24-061F18AA402A}"
EndProject
Project("{8BC9CEB8-8B4A-11D0-8D11-00A0C91BC942}") = "TestCelesteEngine", "..\CelesteEngine\TestCelesteEngine\TestCelesteEngine.vcxproj", "{E07541B6-55FF-4134-B937-1C62821EE5FB}"
EndProject
Project("{8BC9CEB8-8B4A-11D0-8D11-00A0C91BC942}") = "GuidGenerator", "..\CelesteEngine\GuidGenerator\GuidGenerator.vcxproj", "{436C70CD-BE9B-4511-83A6-CA2197493182}"
EndProject
Project("{FAE04EC0-301F-11D3-BF4B-00C04F79EFBC}") = "CelesteEngineEditor", "..\CelesteEngine\CelesteEngineEditor\CelesteEngineEditor.csproj", "{525AC921-E6CB-473F-AC93-45E5E732C97E}"
EndProject
Project("{8BC9CEB8-8B4A-11D0-8D11-00A0C91BC942}") = "CelesteEngineBindingsGenerator", "..\CelesteEngine\CelesteEngineBindingsGenerator\CelesteEngineBindingsGenerator.vcxproj", "{D4115E49-BB86-4AEA-B112-E83EB954B224}"
	ProjectSection(ProjectDependencies) = postProject
		{E9980A8D-828E-44F0-978E-A57ABC348F47} = {E9980A8D-828E-44F0-978E-A57ABC348F47}
	EndProjectSection
EndProject
Project("{2150E333-8FDC-42A3-9474-1A3956D46DE8}") = "CelesteEngine", "CelesteEngine", "{CD53E458-12AA-467C-BFEF-9A3DFCDCC2CF}"
EndProject
Project("{2150E333-8FDC-42A3-9474-1A3956D46DE8}") = "Dev Tools", "Dev Tools", "{81008FC6-298A-4F95-81DC-958DF23A8D16}"
EndProject
Project("{2150E333-8FDC-42A3-9474-1A3956D46DE8}") = "Testing", "Testing", "{B12E0E43-6BCD-45AC-9CB1-C886022B601F}"
EndProject
Global
	GlobalSection(SolutionConfigurationPlatforms) = preSolution
		Debug|Any CPU = Debug|Any CPU
		Debug|x64 = Debug|x64
		Debug|x86 = Debug|x86
		Release|Any CPU = Release|Any CPU
		Release|x64 = Release|x64
		Release|x86 = Release|x86
		Testing|Any CPU = Testing|Any CPU
		Testing|x64 = Testing|x64
		Testing|x86 = Testing|x86
	EndGlobalSection
	GlobalSection(ProjectConfigurationPlatforms) = postSolution
		{E39A81C2-7F66-4C3B-A679-7D718CC938AE}.Debug|Any CPU.ActiveCfg = Debug|Win32
		{E39A81C2-7F66-4C3B-A679-7D718CC938AE}.Debug|x64.ActiveCfg = Debug|x64
		{E39A81C2-7F66-4C3B-A679-7D718CC938AE}.Debug|x64.Build.0 = Debug|x64
		{E39A81C2-7F66-4C3B-A679-7D718CC938AE}.Debug|x86.ActiveCfg = Debug|Win32
		{E39A81C2-7F66-4C3B-A679-7D718CC938AE}.Debug|x86.Build.0 = Debug|Win32
		{E39A81C2-7F66-4C3B-A679-7D718CC938AE}.Release|Any CPU.ActiveCfg = Release|Win32
		{E39A81C2-7F66-4C3B-A679-7D718CC938AE}.Release|x64.ActiveCfg = Release|x64
		{E39A81C2-7F66-4C3B-A679-7D718CC938AE}.Release|x64.Build.0 = Release|x64
		{E39A81C2-7F66-4C3B-A679-7D718CC938AE}.Release|x86.ActiveCfg = Release|Win32
		{E39A81C2-7F66-4C3B-A679-7D718CC938AE}.Release|x86.Build.0 = Release|Win32
		{E39A81C2-7F66-4C3B-A679-7D718CC938AE}.Testing|Any CPU.ActiveCfg = Release|Win32
		{E39A81C2-7F66-4C3B-A679-7D718CC938AE}.Testing|Any CPU.Build.0 = Release|Win32
		{E39A81C2-7F66-4C3B-A679-7D718CC938AE}.Testing|Any CPU.Deploy.0 = Release|Win32
		{E39A81C2-7F66-4C3B-A679-7D718CC938AE}.Testing|x64.ActiveCfg = Release|x64
		{E39A81C2-7F66-4C3B-A679-7D718CC938AE}.Testing|x64.Build.0 = Release|x64
		{E39A81C2-7F66-4C3B-A679-7D718CC938AE}.Testing|x86.ActiveCfg = Release|Win32
		{E39A81C2-7F66-4C3B-A679-7D718CC938AE}.Testing|x86.Build.0 = Release|Win32
		{E9980A8D-828E-44F0-978E-A57ABC348F47}.Debug|Any CPU.ActiveCfg = Debug|Win32
		{E9980A8D-828E-44F0-978E-A57ABC348F47}.Debug|x64.ActiveCfg = Debug|x64
		{E9980A8D-828E-44F0-978E-A57ABC348F47}.Debug|x64.Build.0 = Debug|x64
		{E9980A8D-828E-44F0-978E-A57ABC348F47}.Debug|x86.ActiveCfg = Debug|Win32
		{E9980A8D-828E-44F0-978E-A57ABC348F47}.Debug|x86.Build.0 = Debug|Win32
		{E9980A8D-828E-44F0-978E-A57ABC348F47}.Release|Any CPU.ActiveCfg = Release|Win32
		{E9980A8D-828E-44F0-978E-A57ABC348F47}.Release|x64.ActiveCfg = Release|x64
		{E9980A8D-828E-44F0-978E-A57ABC348F47}.Release|x64.Build.0 = Release|x64
		{E9980A8D-828E-44F0-978E-A57ABC348F47}.Release|x86.ActiveCfg = Release|Win32
		{E9980A8D-828E-44F0-978E-A57ABC348F47}.Release|x86.Build.0 = Release|Win32
		{E9980A8D-828E-44F0-978E-A57ABC348F47}.Testing|Any CPU.ActiveCfg = Release|Win32
		{E9980A8D-828E-44F0-978E-A57ABC348F47}.Testing|Any CPU.Build.0 = Release|Win32
		{E9980A8D-828E-44F0-978E-A57ABC348F47}.Testing|Any CPU.Deploy.0 = Release|Win32
		{E9980A8D-828E-44F0-978E-A57ABC348F47}.Testing|x64.ActiveCfg = Release|x64
		{E9980A8D-828E-44F0-978E-A57ABC348F47}.Testing|x64.Build.0 = Release|x64
		{E9980A8D-828E-44F0-978E-A57ABC348F47}.Testing|x86.ActiveCfg = Release|Win32
		{E9980A8D-828E-44F0-978E-A57ABC348F47}.Testing|x86.Build.0 = Release|Win32
		{BB04BA24-E88D-4697-B55C-7C518AFD6BF8}.Debug|Any CPU.ActiveCfg = Debug|Win32
		{BB04BA24-E88D-4697-B55C-7C518AFD6BF8}.Debug|x64.ActiveCfg = Debug|x64
		{BB04BA24-E88D-4697-B55C-7C518AFD6BF8}.Debug|x64.Build.0 = Debug|x64
		{BB04BA24-E88D-4697-B55C-7C518AFD6BF8}.Debug|x86.ActiveCfg = Debug|Win32
		{BB04BA24-E88D-4697-B55C-7C518AFD6BF8}.Debug|x86.Build.0 = Debug|Win32
		{BB04BA24-E88D-4697-B55C-7C518AFD6BF8}.Release|Any CPU.ActiveCfg = Release|Win32
		{BB04BA24-E88D-4697-B55C-7C518AFD6BF8}.Release|x64.ActiveCfg = Release|x64
		{BB04BA24-E88D-4697-B55C-7C518AFD6BF8}.Release|x64.Build.0 = Release|x64
		{BB04BA24-E88D-4697-B55C-7C518AFD6BF8}.Release|x86.ActiveCfg = Release|Win32
		{BB04BA24-E88D-4697-B55C-7C518AFD6BF8}.Release|x86.Build.0 = Release|Win32
		{BB04BA24-E88D-4697-B55C-7C518AFD6BF8}.Testing|Any CPU.ActiveCfg = Release|Win32
		{BB04BA24-E88D-4697-B55C-7C518AFD6BF8}.Testing|Any CPU.Build.0 = Release|Win32
		{BB04BA24-E88D-4697-B55C-7C518AFD6BF8}.Testing|Any CPU.Deploy.0 = Release|Win32
		{BB04BA24-E88D-4697-B55C-7C518AFD6BF8}.Testing|x64.ActiveCfg = Release|x64
		{BB04BA24-E88D-4697-B55C-7C518AFD6BF8}.Testing|x64.Build.0 = Release|x64
		{BB04BA24-E88D-4697-B55C-7C518AFD6BF8}.Testing|x86.ActiveCfg = Release|Win32
		{BB04BA24-E88D-4697-B55C-7C518AFD6BF8}.Testing|x86.Build.0 = Release|Win32
		{7F06E53E-178C-4E7E-8F24-061F18AA402A}.Debug|Any CPU.ActiveCfg = Debug|Win32
		{7F06E53E-178C-4E7E-8F24-061F18AA402A}.Debug|x64.ActiveCfg = Debug|x64
		{7F06E53E-178C-4E7E-8F24-061F18AA402A}.Debug|x64.Build.0 = Debug|x64
		{7F06E53E-178C-4E7E-8F24-061F18AA402A}.Debug|x86.ActiveCfg = Debug|Win32
		{7F06E53E-178C-4E7E-8F24-061F18AA402A}.Debug|x86.Build.0 = Debug|Win32
		{7F06E53E-178C-4E7E-8F24-061F18AA402A}.Release|Any CPU.ActiveCfg = Release|Win32
		{7F06E53E-178C-4E7E-8F24-061F18AA402A}.Release|x64.ActiveCfg = Release|x64
		{7F06E53E-178C-4E7E-8F24-061F18AA402A}.Release|x64.Build.0 = Release|x64
		{7F06E53E-178C-4E7E-8F24-061F18AA402A}.Release|x86.ActiveCfg = Release|Win32
		{7F06E53E-178C-4E7E-8F24-061F18AA402A}.Release|x86.Build.0 = Release|Win32
		{7F06E53E-178C-4E7E-8F24-061F18AA402A}.Testing|Any CPU.ActiveCfg = Testing|Win32
		{7F06E53E-178C-4E7E-8F24-061F18AA402A}.Testing|x64.ActiveCfg = Testing|x64
		{7F06E53E-178C-4E7E-8F24-061F18AA402A}.Testing|x64.Build.0 = Testing|x64
		{7F06E53E-178C-4E7E-8F24-061F18AA402A}.Testing|x86.ActiveCfg = Testing|Win32
		{7F06E53E-178C-4E7E-8F24-061F18AA402A}.Testing|x86.Build.0 = Testing|Win32
		{E07541B6-55FF-4134-B937-1C62821EE5FB}.Debug|Any CPU.ActiveCfg = Debug|Win32
		{E07541B6-55FF-4134-B937-1C62821EE5FB}.Debug|x64.ActiveCfg = Debug|x64
		{E07541B6-55FF-4134-B937-1C62821EE5FB}.Debug|x64.Build.0 = Debug|x64
		{E07541B6-55FF-4134-B937-1C62821EE5FB}.Debug|x86.ActiveCfg = Debug|Win32
		{E07541B6-55FF-4134-B937-1C62821EE5FB}.Debug|x86.Build.0 = Debug|Win32
		{E07541B6-55FF-4134-B937-1C62821EE5FB}.Release|Any CPU.ActiveCfg = Release|Win32
		{E07541B6-55FF-4134-B937-1C62821EE5FB}.Release|x64.ActiveCfg = Release|x64
		{E07541B6-55FF-4134-B937-1C62821EE5FB}.Release|x64.Build.0 = Release|x64
		{E07541B6-55FF-4134-B937-1C62821EE5FB}.Release|x86.ActiveCfg = Release|Win32
		{E07541B6-55FF-4134-B937-1C62821EE5FB}.Release|x86.Build.0 = Release|Win32
		{E07541B6-55FF-4134-B937-1C62821EE5FB}.Testing|Any CPU.ActiveCfg = Release|Win32
		{E07541B6-55FF-4134-B937-1C62821EE5FB}.Testing|Any CPU.Build.0 = Release|Win32
		{E07541B6-55FF-4134-B937-1C62821EE5FB}.Testing|Any CPU.Deploy.0 = Release|Win32
		{E07541B6-55FF-4134-B937-1C62821EE5FB}.Testing|x64.ActiveCfg = Release|x64
		{E07541B6-55FF-4134-B937-1C62821EE5FB}.Testing|x64.Build.0 = Release|x64
		{E07541B6-55FF-4134-B937-1C62821EE5FB}.Testing|x86.ActiveCfg = Release|Win32
		{E07541B6-55FF-4134-B937-1C62821EE5FB}.Testing|x86.Build.0 = Release|Win32
		{436C70CD-BE9B-4511-83A6-CA2197493182}.Debug|Any CPU.ActiveCfg = Debug|Win32
		{436C70CD-BE9B-4511-83A6-CA2197493182}.Debug|x64.ActiveCfg = Debug|x64
		{436C70CD-BE9B-4511-83A6-CA2197493182}.Debug|x64.Build.0 = Debug|x64
		{436C70CD-BE9B-4511-83A6-CA2197493182}.Debug|x86.ActiveCfg = Debug|Win32
		{436C70CD-BE9B-4511-83A6-CA2197493182}.Debug|x86.Build.0 = Debug|Win32
		{436C70CD-BE9B-4511-83A6-CA2197493182}.Release|Any CPU.ActiveCfg = Release|Win32
		{436C70CD-BE9B-4511-83A6-CA2197493182}.Release|x64.ActiveCfg = Release|x64
		{436C70CD-BE9B-4511-83A6-CA2197493182}.Release|x64.Build.0 = Release|x64
		{436C70CD-BE9B-4511-83A6-CA2197493182}.Release|x86.ActiveCfg = Release|Win32
		{436C70CD-BE9B-4511-83A6-CA2197493182}.Release|x86.Build.0 = Release|Win32
		{436C70CD-BE9B-4511-83A6-CA2197493182}.Testing|Any CPU.ActiveCfg = Release|Win32
		{436C70CD-BE9B-4511-83A6-CA2197493182}.Testing|Any CPU.Build.0 = Release|Win32
		{436C70CD-BE9B-4511-83A6-CA2197493182}.Testing|x64.ActiveCfg = Release|x64
		{436C70CD-BE9B-4511-83A6-CA2197493182}.Testing|x64.Build.0 = Release|x64
		{436C70CD-BE9B-4511-83A6-CA2197493182}.Testing|x86.ActiveCfg = Release|Win32
		{436C70CD-BE9B-4511-83A6-CA2197493182}.Testing|x86.Build.0 = Release|Win32
		{525AC921-E6CB-473F-AC93-45E5E732C97E}.Debug|Any CPU.ActiveCfg = Debug|Any CPU
		{525AC921-E6CB-473F-AC93-45E5E732C97E}.Debug|Any CPU.Build.0 = Debug|Any CPU
		{525AC921-E6CB-473F-AC93-45E5E732C97E}.Debug|x64.ActiveCfg = Debug|Any CPU
		{525AC921-E6CB-473F-AC93-45E5E732C97E}.Debug|x64.Build.0 = Debug|Any CPU
		{525AC921-E6CB-473F-AC93-45E5E732C97E}.Debug|x86.ActiveCfg = Debug|Any CPU
		{525AC921-E6CB-473F-AC93-45E5E732C97E}.Debug|x86.Build.0 = Debug|Any CPU
		{525AC921-E6CB-473F-AC93-45E5E732C97E}.Release|Any CPU.ActiveCfg = Release|Any CPU
		{525AC921-E6CB-473F-AC93-45E5E732C97E}.Release|Any CPU.Build.0 = Release|Any CPU
		{525AC921-E6CB-473F-AC93-45E5E732C97E}.Release|x64.ActiveCfg = Release|Any CPU
		{525AC921-E6CB-473F-AC93-45E5E732C97E}.Release|x64.Build.0 = Release|Any CPU
		{525AC921-E6CB-473F-AC93-45E5E732C97E}.Release|x86.ActiveCfg = Release|Any CPU
		{525AC921-E6CB-473F-AC93-45E5E732C97E}.Release|x86.Build.0 = Release|Any CPU
		{525AC921-E6CB-473F-AC93-45E5E732C97E}.Testing|Any CPU.ActiveCfg = Release|Any CPU
		{525AC921-E6CB-473F-AC93-45E5E732C97E}.Testing|Any CPU.Build.0 = Release|Any CPU
		{525AC921-E6CB-473F-AC93-45E5E732C97E}.Testing|x64.ActiveCfg = Release|Any CPU
		{525AC921-E6CB-473F-AC93-45E5E732C97E}.Testing|x64.Build.0 = Release|Any CPU
		{525AC921-E6CB-473F-AC93-45E5E732C97E}.Testing|x86.ActiveCfg = Release|Any CPU
		{525AC921-E6CB-473F-AC93-45E5E732C97E}.Testing|x86.Build.0 = Release|Any CPU
		{D4115E49-BB86-4AEA-B112-E83EB954B224}.Debug|Any CPU.ActiveCfg = Debug|Win32
		{D4115E49-BB86-4AEA-B112-E83EB954B224}.Debug|x64.ActiveCfg = Debug|x64
		{D4115E49-BB86-4AEA-B112-E83EB954B224}.Debug|x64.Build.0 = Debug|x64
		{D4115E49-BB86-4AEA-B112-E83EB954B224}.Debug|x86.ActiveCfg = Debug|Win32
		{D4115E49-BB86-4AEA-B112-E83EB954B224}.Debug|x86.Build.0 = Debug|Win32
		{D4115E49-BB86-4AEA-B112-E83EB954B224}.Release|Any CPU.ActiveCfg = Release|Win32
		{D4115E49-BB86-4AEA-B112-E83EB954B224}.Release|x64.ActiveCfg = Release|x64
		{D4115E49-BB86-4AEA-B112-E83EB954B224}.Release|x64.Build.0 = Release|x64
		{D4115E49-BB86-4AEA-B112-E83EB954B224}.Release|x86.ActiveCfg = Release|Win32
		{D4115E49-BB86-4AEA-B112-E83EB954B224}.Release|x86.Build.0 = Release|Win32
		{D4115E49-BB86-4AEA-B112-E83EB954B224}.Testing|Any CPU.ActiveCfg = Release|x64
		{D4115E49-BB86-4AEA-B112-E83EB954B224}.Testing|Any CPU.Build.0 = Release|x64
		{D4115E49-BB86-4AEA-B112-E83EB954B224}.Testing|x64.ActiveCfg = Release|x64
		{D4115E49-BB86-4AEA-B112-E83EB954B224}.Testing|x64.Build.0 = Release|x64
		{D4115E49-BB86-4AEA-B112-E83EB954B224}.Testing|x86.ActiveCfg = Release|Win32
		{D4115E49-BB86-4AEA-B112-E83EB954B224}.Testing|x86.Build.0 = Release|Win32
	EndGlobalSection
	GlobalSection(SolutionProperties) = preSolution
		HideSolutionNode = FALSE
	EndGlobalSection
	GlobalSection(NestedProjects) = preSolution
		{E9980A8D-828E-44F0-978E-A57ABC348F47} = {CD53E458-12AA-467C-BFEF-9A3DFCDCC2CF}
		{BB04BA24-E88D-4697-B55C-7C518AFD6BF8} = {CD53E458-12AA-467C-BFEF-9A3DFCDCC2CF}
		{7F06E53E-178C-4E7E-8F24-061F18AA402A} = {B12E0E43-6BCD-45AC-9CB1-C886022B601F}
		{E07541B6-55FF-4134-B937-1C62821EE5FB} = {CD53E458-12AA-467C-BFEF-9A3DFCDCC2CF}
		{436C70CD-BE9B-4511-83A6-CA2197493182} = {81008FC6-298A-4F95-81DC-958DF23A8D16}
		{525AC921-E6CB-473F-AC93-45E5E732C97E} = {CD53E458-12AA-467C-BFEF-9A3DFCDCC2CF}
		{D4115E49-BB86-4AEA-B112-E83EB954B224} = {CD53E458-12AA-467C-BFEF-9A3DFCDCC2CF}
	EndGlobalSection
	GlobalSection(ExtensibilityGlobals) = postSolution
		SolutionGuid = {76215A38-E8DF-4F75-B14D-8AE12D34B248}
	EndGlobalSection
EndGlobal
